
Microsoft Visual Studio Solution File, Format Version 12.00
# Visual Studio Version 17
VisualStudioVersion = 17.10.35122.118
MinimumVisualStudioVersion = 10.0.40219.1
Project("{FAE04EC0-301F-11D3-BF4B-00C04F79EFBC}") = "AnonymousIncomeComparisonProgram", "AnonymousIncomeComparisonProgram.csproj", "{BFE5F06D-8414-4170-8F56-BF36A5BAA286}"
EndProject
Global
	GlobalSection(SolutionConfigurationPlatforms) = preSolution
		Debug|Any CPU = Debug|Any CPU
		Release|Any CPU = Release|Any CPU
	EndGlobalSection
	GlobalSection(ProjectConfigurationPlatforms) = postSolution
		{BFE5F06D-8414-4170-8F56-BF36A5BAA286}.Debug|Any CPU.ActiveCfg = Debug|Any CPU
		{BFE5F06D-8414-4170-8F56-BF36A5BAA286}.Debug|Any CPU.Build.0 = Debug|Any CPU
		{BFE5F06D-8414-4170-8F56-BF36A5BAA286}.Release|Any CPU.ActiveCfg = Release|Any CPU
		{BFE5F06D-8414-4170-8F56-BF36A5BAA286}.Release|Any CPU.Build.0 = Release|Any CPU
	EndGlobalSection
	GlobalSection(SolutionProperties) = preSolution
		HideSolutionNode = FALSE
	EndGlobalSection
	GlobalSection(ExtensibilityGlobals) = postSolution
		SolutionGuid = {C200A611-81D7-440D-B39B-FF2652327E2A}
	EndGlobalSection
EndGlobal
